
Microsoft Visual Studio Solution File, Format Version 12.00
# Visual Studio Version 16
VisualStudioVersion = 16.0.32106.194
MinimumVisualStudioVersion = 10.0.40219.1
Project("{8BC9CEB8-8B4A-11D0-8D11-00A0C91BC942}") = "MinimumSwaps2", "MinimumSwaps2.vcxproj", "{FA211856-AB01-48F7-8075-D317C4A13484}"
EndProject
Project("{8BC9CEB8-8B4A-11D0-8D11-00A0C91BC942}") = "Sample-Test1", "..\Sample-Test1\Sample-Test1.vcxproj", "{56F7CE7D-CE0E-4BC3-BDD1-A8EBACF99F9A}"
EndProject
Global
	GlobalSection(SolutionConfigurationPlatforms) = preSolution
		Debug|x64 = Debug|x64
		Debug|x86 = Debug|x86
		Release|x64 = Release|x64
		Release|x86 = Release|x86
	EndGlobalSection
	GlobalSection(ProjectConfigurationPlatforms) = postSolution
		{FA211856-AB01-48F7-8075-D317C4A13484}.Debug|x64.ActiveCfg = Debug|x64
		{FA211856-AB01-48F7-8075-D317C4A13484}.Debug|x64.Build.0 = Debug|x64
		{FA211856-AB01-48F7-8075-D317C4A13484}.Debug|x86.ActiveCfg = Debug|Win32
		{FA211856-AB01-48F7-8075-D317C4A13484}.Debug|x86.Build.0 = Debug|Win32
		{FA211856-AB01-48F7-8075-D317C4A13484}.Release|x64.ActiveCfg = Release|x64
		{FA211856-AB01-48F7-8075-D317C4A13484}.Release|x64.Build.0 = Release|x64
		{FA211856-AB01-48F7-8075-D317C4A13484}.Release|x86.ActiveCfg = Release|Win32
		{FA211856-AB01-48F7-8075-D317C4A13484}.Release|x86.Build.0 = Release|Win32
		{56F7CE7D-CE0E-4BC3-BDD1-A8EBACF99F9A}.Debug|x64.ActiveCfg = Debug|x64
		{56F7CE7D-CE0E-4BC3-BDD1-A8EBACF99F9A}.Debug|x64.Build.0 = Debug|x64
		{56F7CE7D-CE0E-4BC3-BDD1-A8EBACF99F9A}.Debug|x86.ActiveCfg = Debug|Win32
		{56F7CE7D-CE0E-4BC3-BDD1-A8EBACF99F9A}.Debug|x86.Build.0 = Debug|Win32
		{56F7CE7D-CE0E-4BC3-BDD1-A8EBACF99F9A}.Release|x64.ActiveCfg = Release|x64
		{56F7CE7D-CE0E-4BC3-BDD1-A8EBACF99F9A}.Release|x64.Build.0 = Release|x64
		{56F7CE7D-CE0E-4BC3-BDD1-A8EBACF99F9A}.Release|x86.ActiveCfg = Release|Win32
		{56F7CE7D-CE0E-4BC3-BDD1-A8EBACF99F9A}.Release|x86.Build.0 = Release|Win32
	EndGlobalSection
	GlobalSection(SolutionProperties) = preSolution
		HideSolutionNode = FALSE
	EndGlobalSection
	GlobalSection(ExtensibilityGlobals) = postSolution
		SolutionGuid = {39F34EF8-7514-476A-B661-19C7968EBEEA}
	EndGlobalSection
EndGlobal
